
Microsoft Visual Studio Solution File, Format Version 12.00
# Visual Studio Version 17
VisualStudioVersion = 17.4.33205.214
MinimumVisualStudioVersion = 10.0.40219.1
Project("{FAE04EC0-301F-11D3-BF4B-00C04F79EFBC}") = "PIctureViewerByguga", "PIctureViewerByguga\PIctureViewerByguga.csproj", "{37A7612A-2812-418F-B2E2-10E159CCFC1C}"
EndProject
Global
	GlobalSection(SolutionConfigurationPlatforms) = preSolution
		Debug|Any CPU = Debug|Any CPU
		Release|Any CPU = Release|Any CPU
	EndGlobalSection
	GlobalSection(ProjectConfigurationPlatforms) = postSolution
		{37A7612A-2812-418F-B2E2-10E159CCFC1C}.Debug|Any CPU.ActiveCfg = Debug|Any CPU
		{37A7612A-2812-418F-B2E2-10E159CCFC1C}.Debug|Any CPU.Build.0 = Debug|Any CPU
		{37A7612A-2812-418F-B2E2-10E159CCFC1C}.Release|Any CPU.ActiveCfg = Release|Any CPU
		{37A7612A-2812-418F-B2E2-10E159CCFC1C}.Release|Any CPU.Build.0 = Release|Any CPU
	EndGlobalSection
	GlobalSection(SolutionProperties) = preSolution
		HideSolutionNode = FALSE
	EndGlobalSection
	GlobalSection(ExtensibilityGlobals) = postSolution
		SolutionGuid = {95219BE8-24EF-4127-9B72-200C5FFACF79}
	EndGlobalSection
EndGlobal
